// !$*UTF8*$!
{
	archiveVersion = 1;
	classes = {
	};
	objectVersion = 46;
	objects = {

/* Begin PBXBuildFile section */
		06EFC49214AD026C001A7FB7 /* UIKit.framework in Frameworks */ = {isa = PBXBuildFile; fileRef = 06EFC49114AD026C001A7FB7 /* UIKit.framework */; };
		06EFC49414AD026C001A7FB7 /* Foundation.framework in Frameworks */ = {isa = PBXBuildFile; fileRef = 06EFC49314AD026C001A7FB7 /* Foundation.framework */; };
		06EFC49614AD026C001A7FB7 /* CoreGraphics.framework in Frameworks */ = {isa = PBXBuildFile; fileRef = 06EFC49514AD026C001A7FB7 /* CoreGraphics.framework */; };
		06EFC49C14AD026C001A7FB7 /* InfoPlist.strings in Resources */ = {isa = PBXBuildFile; fileRef = 06EFC49A14AD026C001A7FB7 /* InfoPlist.strings */; };
		06EFC49E14AD026C001A7FB7 /* main.m in Sources */ = {isa = PBXBuildFile; fileRef = 06EFC49D14AD026C001A7FB7 /* main.m */; };
		06EFC4A214AD026C001A7FB7 /* CalculatorAppDelegate.m in Sources */ = {isa = PBXBuildFile; fileRef = 06EFC4A114AD026C001A7FB7 /* CalculatorAppDelegate.m */; };
		06EFC4A514AD026C001A7FB7 /* MainStoryboard.storyboard in Resources */ = {isa = PBXBuildFile; fileRef = 06EFC4A314AD026C001A7FB7 /* MainStoryboard.storyboard */; };
		06EFC4A814AD026C001A7FB7 /* CalculatorViewController.m in Sources */ = {isa = PBXBuildFile; fileRef = 06EFC4A714AD026C001A7FB7 /* CalculatorViewController.m */; };
/* End PBXBuildFile section */

/* Begin PBXFileReference section */
		06EFC48D14AD026C001A7FB7 /* Calculator.app */ = {isa = PBXFileReference; explicitFileType = wrapper.application; includeInIndex = 0; path = Calculator.app; sourceTree = BUILT_PRODUCTS_DIR; };
		06EFC49114AD026C001A7FB7 /* UIKit.framework */ = {isa = PBXFileReference; lastKnownFileType = wrapper.framework; name = UIKit.framework; path = System/Library/Frameworks/UIKit.framework; sourceTree = SDKROOT; };
		06EFC49314AD026C001A7FB7 /* Foundation.framework */ = {isa = PBXFileReference; lastKnownFileType = wrapper.framework; name = Foundation.framework; path = System/Library/Frameworks/Foundation.framework; sourceTree = SDKROOT; };
		06EFC49514AD026C001A7FB7 /* CoreGraphics.framework */ = {isa = PBXFileReference; lastKnownFileType = wrapper.framework; name = CoreGraphics.framework; path = System/Library/Frameworks/CoreGraphics.framework; sourceTree = SDKROOT; };
		06EFC49914AD026C001A7FB7 /* Calculator-Info.plist */ = {isa = PBXFileReference; path = "Calculator-Info.plist"; sourceTree = "<group>"; };
		06EFC49B14AD026C001A7FB7 /* en */ = {isa = PBXFileReference; lastKnownFileType = text.plist.strings; name = en; path = en.lproj/InfoPlist.strings; sourceTree = "<group>"; };
		06EFC49D14AD026C001A7FB7 /* main.m */ = {isa = PBXFileReference; lastKnownFileType = sourcecode.c.objc; path = main.m; sourceTree = "<group>"; };
		06EFC49F14AD026C001A7FB7 /* Calculator-Prefix.pch */ = {isa = PBXFileReference; path = "Calculator-Prefix.pch"; sourceTree = "<group>"; };
		06EFC4A014AD026C001A7FB7 /* CalculatorAppDelegate.h */ = {isa = PBXFileReference; path = CalculatorAppDelegate.h; sourceTree = "<group>"; };
		06EFC4A114AD026C001A7FB7 /* CalculatorAppDelegate.m */ = {isa = PBXFileReference; lastKnownFileType = sourcecode.c.objc; path = CalculatorAppDelegate.m; sourceTree = "<group>"; };
		06EFC4A414AD026C001A7FB7 /* en */ = {isa = PBXFileReference; lastKnownFileType = file.storyboard; name = en; path = en.lproj/MainStoryboard.storyboard; sourceTree = "<group>"; };
		06EFC4A614AD026C001A7FB7 /* CalculatorViewController.h */ = {isa = PBXFileReference; path = CalculatorViewController.h; sourceTree = "<group>"; };
		06EFC4A714AD026C001A7FB7 /* CalculatorViewController.m */ = {isa = PBXFileReference; lastKnownFileType = sourcecode.c.objc; path = CalculatorViewController.m; sourceTree = "<group>"; };
/* End PBXFileReference section */

/* Begin PBXFrameworksBuildPhase section */
		06EFC48A14AD026C001A7FB7 /* Frameworks */ = {
			isa = PBXFrameworksBuildPhase;
			buildActionMask = 2147483647;
			files = (
				06EFC49214AD026C001A7FB7 /* UIKit.framework in Frameworks */,
				06EFC49414AD026C001A7FB7 /* Foundation.framework in Frameworks */,
				06EFC49614AD026C001A7FB7 /* CoreGraphics.framework in Frameworks */,
			);
			runOnlyForDeploymentPostprocessing = 0;
		};
/* End PBXFrameworksBuildPhase section */

/* Begin PBXGroup section */
		06EFC48214AD026B001A7FB7 = {
			isa = PBXGroup;
			children = (
				06EFC49714AD026C001A7FB7 /* Calculator */,
				06EFC49014AD026C001A7FB7 /* Frameworks */,
				06EFC48E14AD026C001A7FB7 /* Products */,
			);
			sourceTree = "<group>";
		};
		06EFC48E14AD026C001A7FB7 /* Products */ = {
			isa = PBXGroup;
			children = (
				06EFC48D14AD026C001A7FB7 /* Calculator.app */,
			);
			name = Products;
			sourceTree = "<group>";
		};
		06EFC49014AD026C001A7FB7 /* Frameworks */ = {
			isa = PBXGroup;
			children = (
				06EFC49114AD026C001A7FB7 /* UIKit.framework */,
				06EFC49314AD026C001A7FB7 /* Foundation.framework */,
				06EFC49514AD026C001A7FB7 /* CoreGraphics.framework */,
			);
			name = Frameworks;
			sourceTree = "<group>";
		};
		06EFC49714AD026C001A7FB7 /* Calculator */ = {
			isa = PBXGroup;
			children = (
				06EFC4A014AD026C001A7FB7 /* CalculatorAppDelegate.h */,
				06EFC4A114AD026C001A7FB7 /* CalculatorAppDelegate.m */,
				06EFC4A314AD026C001A7FB7 /* MainStoryboard.storyboard */,
				06EFC4A614AD026C001A7FB7 /* CalculatorViewController.h */,
				06EFC4A714AD026C001A7FB7 /* CalculatorViewController.m */,
				06EFC49814AD026C001A7FB7 /* Supporting Files */,
			);
			path = Calculator;
			sourceTree = "<group>";
		};
		06EFC49814AD026C001A7FB7 /* Supporting Files */ = {
			isa = PBXGroup;
			children = (
				06EFC49914AD026C001A7FB7 /* Calculator-Info.plist */,
				06EFC49A14AD026C001A7FB7 /* InfoPlist.strings */,
				06EFC49D14AD026C001A7FB7 /* main.m */,
				06EFC49F14AD026C001A7FB7 /* Calculator-Prefix.pch */,
			);
			name = "Supporting Files";
			sourceTree = "<group>";
		};
/* End PBXGroup section */

/* Begin PBXNativeTarget section */
		06EFC48C14AD026C001A7FB7 /* Calculator */ = {
			isa = PBXNativeTarget;
			buildConfigurationList = 06EFC4AB14AD026C001A7FB7 /* Build configuration list for PBXNativeTarget "Calculator" */;
			buildPhases = (
				06EFC48914AD026C001A7FB7 /* Sources */,
				06EFC48A14AD026C001A7FB7 /* Frameworks */,
				06EFC48B14AD026C001A7FB7 /* Resources */,
			);
			buildRules = (
			);
			dependencies = (
			);
			name = Calculator;
			productName = Calculator;
			productReference = 06EFC48D14AD026C001A7FB7 /* Calculator.app */;
			productType = "com.apple.product-type.application";
		};
/* End PBXNativeTarget section */

/* Begin PBXProject section */
		06EFC48414AD026B001A7FB7 /* Project object */ = {
			isa = PBXProject;
			attributes = {
				LastUpgradeCheck = 0420;
				ORGANIZATIONNAME = "-";
			};
			buildConfigurationList = 06EFC48714AD026B001A7FB7 /* Build configuration list for PBXProject "Calculator" */;
			compatibilityVersion = "Xcode 3.2";
			developmentRegion = English;
			hasScannedForEncodings = 0;
			knownRegions = (
				en,
			);
			mainGroup = 06EFC48214AD026B001A7FB7;
			productRefGroup = 06EFC48E14AD026C001A7FB7 /* Products */;
			projectDirPath = "";
			projectRoot = "";
			targets = (
				06EFC48C14AD026C001A7FB7 /* Calculator */,
			);
		};
/* End PBXProject section */

/* Begin PBXResourcesBuildPhase section */
		06EFC48B14AD026C001A7FB7 /* Resources */ = {
			isa = PBXResourcesBuildPhase;
			buildActionMask = 2147483647;
			files = (
				06EFC49C14AD026C001A7FB7 /* InfoPlist.strings in Resources */,
				06EFC4A514AD026C001A7FB7 /* MainStoryboard.storyboard in Resources */,
			);
			runOnlyForDeploymentPostprocessing = 0;
		};
/* End PBXResourcesBuildPhase section */

/* Begin PBXSourcesBuildPhase section */
		06EFC48914AD026C001A7FB7 /* Sources */ = {
			isa = PBXSourcesBuildPhase;
			buildActionMask = 2147483647;
			files = (
				06EFC49E14AD026C001A7FB7 /* main.m in Sources */,
				06EFC4A214AD026C001A7FB7 /* CalculatorAppDelegate.m in Sources */,
				06EFC4A814AD026C001A7FB7 /* CalculatorViewController.m in Sources */,
			);
			runOnlyForDeploymentPostprocessing = 0;
		};
/* End PBXSourcesBuildPhase section */

/* Begin PBXVariantGroup section */
		06EFC49A14AD026C001A7FB7 /* InfoPlist.strings */ = {
			isa = PBXVariantGroup;
			children = (
				06EFC49B14AD026C001A7FB7 /* en */,
			);
			name = InfoPlist.strings;
			sourceTree = "<group>";
		};
		06EFC4A314AD026C001A7FB7 /* MainStoryboard.storyboard */ = {
			isa = PBXVariantGroup;
			children = (
				06EFC4A414AD026C001A7FB7 /* en */,
			);
			name = MainStoryboard.storyboard;
			sourceTree = "<group>";
		};
/* End PBXVariantGroup section */

/* Begin XCBuildConfiguration section */
		06EFC4A914AD026C001A7FB7 /* Debug */ = {
			isa = XCBuildConfiguration;
			buildSettings = {
				ALWAYS_SEARCH_USER_PATHS = NO;
				ARCHS = "$(ARCHS_STANDARD_32_BIT)";
				CLANG_ENABLE_OBJC_ARC = YES;
				"CODE_SIGN_IDENTITY[sdk=iphoneos*]" = "iPhone Developer";
				COPY_PHASE_STRIP = NO;
				GCC_C_LANGUAGE_STANDARD = gnu99;
				GCC_DYNAMIC_NO_PIC = NO;
				GCC_OPTIMIZATION_LEVEL = 0;
				GCC_PREPROCESSOR_DEFINITIONS = (
					"DEBUG=1",
					"$(inherited)",
				);
				GCC_SYMBOLS_PRIVATE_EXTERN = NO;
				GCC_VERSION = com.apple.compilers.llvm.clang.1_0;
				GCC_WARN_ABOUT_MISSING_PROTOTYPES = YES;
				GCC_WARN_ABOUT_RETURN_TYPE = YES;
				GCC_WARN_UNUSED_VARIABLE = YES;
				IPHONEOS_DEPLOYMENT_TARGET = 5.0;
				SDKROOT = iphoneos;
			};
			name = Debug;
		};
		06EFC4AA14AD026C001A7FB7 /* Release */ = {
			isa = XCBuildConfiguration;
			buildSettings = {
				ALWAYS_SEARCH_USER_PATHS = NO;
				ARCHS = "$(ARCHS_STANDARD_32_BIT)";
				CLANG_ENABLE_OBJC_ARC = YES;
				"CODE_SIGN_IDENTITY[sdk=iphoneos*]" = "iPhone Developer";
				COPY_PHASE_STRIP = YES;
				GCC_C_LANGUAGE_STANDARD = gnu99;
				GCC_VERSION = com.apple.compilers.llvm.clang.1_0;
				GCC_WARN_ABOUT_MISSING_PROTOTYPES = YES;
				GCC_WARN_ABOUT_RETURN_TYPE = YES;
				GCC_WARN_UNUSED_VARIABLE = YES;
				IPHONEOS_DEPLOYMENT_TARGET = 5.0;
				OTHER_CFLAGS = "-DNS_BLOCK_ASSERTIONS=1";
				SDKROOT = iphoneos;
				VALIDATE_PRODUCT = YES;
			};
			name = Release;
		};
		06EFC4AC14AD026C001A7FB7 /* Debug */ = {
			isa = XCBuildConfiguration;
			buildSettings = {
				GCC_PRECOMPILE_PREFIX_HEADER = YES;
				GCC_PREFIX_HEADER = "Calculator/Calculator-Prefix.pch";
				INFOPLIST_FILE = "Calculator/Calculator-Info.plist";
				PRODUCT_NAME = "$(TARGET_NAME)";
				WRAPPER_EXTENSION = app;
			};
			name = Debug;
		};
		06EFC4AD14AD026C001A7FB7 /* Release */ = {
			isa = XCBuildConfiguration;
			buildSettings = {
				GCC_PRECOMPILE_PREFIX_HEADER = YES;
				GCC_PREFIX_HEADER = "Calculator/Calculator-Prefix.pch";
				INFOPLIST_FILE = "Calculator/Calculator-Info.plist";
				PRODUCT_NAME = "$(TARGET_NAME)";
				WRAPPER_EXTENSION = app;
			};
			name = Release;
		};
/* End XCBuildConfiguration section */

/* Begin XCConfigurationList section */
		06EFC48714AD026B001A7FB7 /* Build configuration list for PBXProject "Calculator" */ = {
			isa = XCConfigurationList;
			buildConfigurations = (
				06EFC4A914AD026C001A7FB7 /* Debug */,
				06EFC4AA14AD026C001A7FB7 /* Release */,
			);
			defaultConfigurationIsVisible = 0;
			defaultConfigurationName = Release;
		};
		06EFC4AB14AD026C001A7FB7 /* Build configuration list for PBXNativeTarget "Calculator" */ = {
			isa = XCConfigurationList;
			buildConfigurations = (
				06EFC4AC14AD026C001A7FB7 /* Debug */,
				06EFC4AD14AD026C001A7FB7 /* Release */,
			);
			defaultConfigurationIsVisible = 0;
		};
/* End XCConfigurationList section */
	};
	rootObject = 06EFC48414AD026B001A7FB7 /* Project object */;
}
